
Microsoft Visual Studio Solution File, Format Version 12.00
# Visual Studio Version 16
VisualStudioVersion = 16.0.30413.136
MinimumVisualStudioVersion = 10.0.40219.1
Project("{FAE04EC0-301F-11D3-BF4B-00C04F79EFBC}") = "DIConsoleApplication", "DIConsoleApplication\DIConsoleApplication.csproj", "{8F8F1B57-BE51-4805-89B1-0CBD6CDEBD4D}"
EndProject
Global
	GlobalSection(SolutionConfigurationPlatforms) = preSolution
		Debug|Any CPU = Debug|Any CPU
		Release|Any CPU = Release|Any CPU
	EndGlobalSection
	GlobalSection(ProjectConfigurationPlatforms) = postSolution
		{8F8F1B57-BE51-4805-89B1-0CBD6CDEBD4D}.Debug|Any CPU.ActiveCfg = Debug|Any CPU
		{8F8F1B57-BE51-4805-89B1-0CBD6CDEBD4D}.Debug|Any CPU.Build.0 = Debug|Any CPU
		{8F8F1B57-BE51-4805-89B1-0CBD6CDEBD4D}.Release|Any CPU.ActiveCfg = Release|Any CPU
		{8F8F1B57-BE51-4805-89B1-0CBD6CDEBD4D}.Release|Any CPU.Build.0 = Release|Any CPU
	EndGlobalSection
	GlobalSection(SolutionProperties) = preSolution
		HideSolutionNode = FALSE
	EndGlobalSection
	GlobalSection(ExtensibilityGlobals) = postSolution
		SolutionGuid = {5A2B9011-C976-4F9E-A02A-0AB2337B901A}
	EndGlobalSection
EndGlobal
